
Microsoft Visual Studio Solution File, Format Version 12.00
# Visual Studio Version 16
VisualStudioVersion = 16.0.30611.23
MinimumVisualStudioVersion = 10.0.40219.1
Project("{FAE04EC0-301F-11D3-BF4B-00C04F79EFBC}") = "STC.WPFMakefile", "STC.WPFMakefile.csproj", "{84CF0795-4E73-4E4D-AE6E-88EAAB73CEF0}"
	ProjectSection(ProjectDependencies) = postProject
		{C4F70C9F-0F92-4490-8ACA-7BAFAFBCD4F0} = {C4F70C9F-0F92-4490-8ACA-7BAFAFBCD4F0}
	EndProjectSection
EndProject
Project("{FAE04EC0-301F-11D3-BF4B-00C04F79EFBC}") = "STC.TopologicalSort", "..\STC.TopologicalSort\STC.TopologicalSort.csproj", "{C4F70C9F-0F92-4490-8ACA-7BAFAFBCD4F0}"
EndProject
Global
	GlobalSection(SolutionConfigurationPlatforms) = preSolution
		Debug|Any CPU = Debug|Any CPU
		Release|Any CPU = Release|Any CPU
	EndGlobalSection
	GlobalSection(ProjectConfigurationPlatforms) = postSolution
		{84CF0795-4E73-4E4D-AE6E-88EAAB73CEF0}.Debug|Any CPU.ActiveCfg = Debug|Any CPU
		{84CF0795-4E73-4E4D-AE6E-88EAAB73CEF0}.Debug|Any CPU.Build.0 = Debug|Any CPU
		{84CF0795-4E73-4E4D-AE6E-88EAAB73CEF0}.Release|Any CPU.ActiveCfg = Release|Any CPU
		{84CF0795-4E73-4E4D-AE6E-88EAAB73CEF0}.Release|Any CPU.Build.0 = Release|Any CPU
		{C4F70C9F-0F92-4490-8ACA-7BAFAFBCD4F0}.Debug|Any CPU.ActiveCfg = Debug|Any CPU
		{C4F70C9F-0F92-4490-8ACA-7BAFAFBCD4F0}.Debug|Any CPU.Build.0 = Debug|Any CPU
		{C4F70C9F-0F92-4490-8ACA-7BAFAFBCD4F0}.Release|Any CPU.ActiveCfg = Release|Any CPU
		{C4F70C9F-0F92-4490-8ACA-7BAFAFBCD4F0}.Release|Any CPU.Build.0 = Release|Any CPU
	EndGlobalSection
	GlobalSection(SolutionProperties) = preSolution
		HideSolutionNode = FALSE
	EndGlobalSection
	GlobalSection(ExtensibilityGlobals) = postSolution
		SolutionGuid = {797490AB-CB7F-4463-8006-9A94371C5BBC}
	EndGlobalSection
EndGlobal
